
Microsoft Visual Studio Solution File, Format Version 12.00
# Visual Studio 2012
Project("{FAE04EC0-301F-11D3-BF4B-00C04F79EFBC}") = "NetRom.FileManagement.WS", "NetRom.FileManagement\NetRom.FileManagement.WS.csproj", "{86E3F653-D96D-416D-B62B-1A5ACCB209E4}"
EndProject
Project("{FAE04EC0-301F-11D3-BF4B-00C04F79EFBC}") = "Netrom.FileManagement.BusinessLogic", "Netrom.FileManagement.BusinessLogic\Netrom.FileManagement.BusinessLogic.csproj", "{AFA1447A-B6AE-47D0-B8E1-CEC5937974B3}"
EndProject
Project("{FAE04EC0-301F-11D3-BF4B-00C04F79EFBC}") = "NetRom.FileManagement.DAL", "NetRom.FileManagement.DAL\NetRom.FileManagement.DAL.csproj", "{A5C625C4-7DD4-468B-B805-10D57FDA0D23}"
EndProject
Project("{FAE04EC0-301F-11D3-BF4B-00C04F79EFBC}") = "Model", "Model\Model.csproj", "{D397350E-DCA0-4E78-A088-9521E3D7EC91}"
EndProject
Project("{FAE04EC0-301F-11D3-BF4B-00C04F79EFBC}") = "ConsoleApplication1", "ConsoleApplication1\ConsoleApplication1.csproj", "{526FF781-216E-4CF8-96CE-453B2BDB6585}"
EndProject
Global
	GlobalSection(SolutionConfigurationPlatforms) = preSolution
		Debug|Any CPU = Debug|Any CPU
		Release|Any CPU = Release|Any CPU
	EndGlobalSection
	GlobalSection(ProjectConfigurationPlatforms) = postSolution
		{86E3F653-D96D-416D-B62B-1A5ACCB209E4}.Debug|Any CPU.ActiveCfg = Debug|Any CPU
		{86E3F653-D96D-416D-B62B-1A5ACCB209E4}.Debug|Any CPU.Build.0 = Debug|Any CPU
		{86E3F653-D96D-416D-B62B-1A5ACCB209E4}.Release|Any CPU.ActiveCfg = Release|Any CPU
		{86E3F653-D96D-416D-B62B-1A5ACCB209E4}.Release|Any CPU.Build.0 = Release|Any CPU
		{AFA1447A-B6AE-47D0-B8E1-CEC5937974B3}.Debug|Any CPU.ActiveCfg = Debug|Any CPU
		{AFA1447A-B6AE-47D0-B8E1-CEC5937974B3}.Debug|Any CPU.Build.0 = Debug|Any CPU
		{AFA1447A-B6AE-47D0-B8E1-CEC5937974B3}.Release|Any CPU.ActiveCfg = Release|Any CPU
		{AFA1447A-B6AE-47D0-B8E1-CEC5937974B3}.Release|Any CPU.Build.0 = Release|Any CPU
		{A5C625C4-7DD4-468B-B805-10D57FDA0D23}.Debug|Any CPU.ActiveCfg = Debug|Any CPU
		{A5C625C4-7DD4-468B-B805-10D57FDA0D23}.Debug|Any CPU.Build.0 = Debug|Any CPU
		{A5C625C4-7DD4-468B-B805-10D57FDA0D23}.Release|Any CPU.ActiveCfg = Release|Any CPU
		{A5C625C4-7DD4-468B-B805-10D57FDA0D23}.Release|Any CPU.Build.0 = Release|Any CPU
		{D397350E-DCA0-4E78-A088-9521E3D7EC91}.Debug|Any CPU.ActiveCfg = Debug|Any CPU
		{D397350E-DCA0-4E78-A088-9521E3D7EC91}.Debug|Any CPU.Build.0 = Debug|Any CPU
		{D397350E-DCA0-4E78-A088-9521E3D7EC91}.Release|Any CPU.ActiveCfg = Release|Any CPU
		{D397350E-DCA0-4E78-A088-9521E3D7EC91}.Release|Any CPU.Build.0 = Release|Any CPU
		{526FF781-216E-4CF8-96CE-453B2BDB6585}.Debug|Any CPU.ActiveCfg = Debug|Any CPU
		{526FF781-216E-4CF8-96CE-453B2BDB6585}.Debug|Any CPU.Build.0 = Debug|Any CPU
		{526FF781-216E-4CF8-96CE-453B2BDB6585}.Release|Any CPU.ActiveCfg = Release|Any CPU
		{526FF781-216E-4CF8-96CE-453B2BDB6585}.Release|Any CPU.Build.0 = Release|Any CPU
	EndGlobalSection
	GlobalSection(SolutionProperties) = preSolution
		HideSolutionNode = FALSE
	EndGlobalSection
EndGlobal
